{
  "name": "Web-Dev-ITMO",
  "version": "1.0.0",
  "lockfileVersion": 3,
  "requires": true,
  "packages": {
    "": {
      "name": "Web-Dev-ITMO",
      "version": "1.0.0",
      "dependencies": {
        "fecha": "^4.2.3",
        "fecha.js": "^1.0.1"
      }
    },
    "node_modules/fecha": {
      "version": "4.2.3",
      "resolved": "https://registry.npmjs.org/fecha/-/fecha-4.2.3.tgz",
      "integrity": "sha512-OP2IUU6HeYKJi3i0z4A19kHMQoLVs4Hc+DPqqxI2h/DPZHTm/vjsfC6P0b4jCMy14XizLBqvndQ+UilD7707Jw=="
    },
    "node_modules/fecha.js": {
      "version": "1.0.1",
      "resolved": "https://registry.npmjs.org/fecha.js/-/fecha.js-1.0.1.tgz",
      "integrity": "sha512-zaNJHF0ZUY/heOYLzyHGP+OfYdolF4Jwx1+Gf6LOIn/l/Mccc8rRHrzFRuLyugJINGNIQqVse//lb3mHBYKJzA=="
    }
  }
}
